
Microsoft Visual Studio Solution File, Format Version 12.00
# Visual Studio Version 17
VisualStudioVersion = 17.11.35303.130
MinimumVisualStudioVersion = 10.0.40219.1
Project("{FAE04EC0-301F-11D3-BF4B-00C04F79EFBC}") = "MauiApp4", "MauiApp4.csproj", "{5C91C36B-3442-4B01-BF52-381E34D019EE}"
EndProject
Global
	GlobalSection(SolutionConfigurationPlatforms) = preSolution
		Debug|Any CPU = Debug|Any CPU
		Release|Any CPU = Release|Any CPU
	EndGlobalSection
	GlobalSection(ProjectConfigurationPlatforms) = postSolution
		{5C91C36B-3442-4B01-BF52-381E34D019EE}.Debug|Any CPU.ActiveCfg = Debug|Any CPU
		{5C91C36B-3442-4B01-BF52-381E34D019EE}.Debug|Any CPU.Build.0 = Debug|Any CPU
		{5C91C36B-3442-4B01-BF52-381E34D019EE}.Debug|Any CPU.Deploy.0 = Debug|Any CPU
		{5C91C36B-3442-4B01-BF52-381E34D019EE}.Release|Any CPU.ActiveCfg = Release|Any CPU
		{5C91C36B-3442-4B01-BF52-381E34D019EE}.Release|Any CPU.Build.0 = Release|Any CPU
		{5C91C36B-3442-4B01-BF52-381E34D019EE}.Release|Any CPU.Deploy.0 = Release|Any CPU
	EndGlobalSection
	GlobalSection(SolutionProperties) = preSolution
		HideSolutionNode = FALSE
	EndGlobalSection
	GlobalSection(ExtensibilityGlobals) = postSolution
		SolutionGuid = {2FC97886-C608-498B-832E-FD18A545FDCD}
	EndGlobalSection
EndGlobal
